NeoBundleLock PDV--phpDocumentor-for-Vim e52f5dd84317541cb9249645b4dcd5009153391f
NeoBundleLock VimClojure 2a17c249571395a7f45523d38cac6a9326ecf8f1
NeoBundleLock lightline.vim ac5e6df5cac0f3ff3078c51f715978288a5c351d
NeoBundleLock molokai c67bdfcdb31415aa0ade7f8c003261700a885476
NeoBundleLock neobundle.vim 6bf4fa1cf3cebfed76f5e300949faef0b78fbfbc
NeoBundleLock neocomplcache 778181767467b8f8016828898779a646074d883a
NeoBundleLock neosnippet ce3c3d209c38a6d87bbf1408d293e179f95e7bb8
NeoBundleLock neosnippet-snippets b068cc47707ecc7d023d75359687b21545bfc341
NeoBundleLock syntastic c2c6a075113adbfcc4f1ad5b1c0200a0d35ceeb6
NeoBundleLock unite-colorscheme 3aa33866a183f7659594a3f6b66b2334eaebc6a0
NeoBundleLock unite.vim 5638a2469ecb29eb302aee668981d61da96d301f
NeoBundleLock vim-bracketed-paste 765e757dbcd05bc9d33debc3e9cab8bda9dabdbf
NeoBundleLock vim-slime b0d18f3c7394d2c04082668bde9542194f2b5adc
NeoBundleLock vim-textmanip 5382160a3a1831de711079ad62982eccb3f34016
NeoBundleLock vimfiler.vim 3d8005116768ec97d300309be3cb339580e7e14b
NeoBundleLock vimproc 0ff17bc0725cd0323df87664fa02b1436349f667
NeoBundleLock vimshell bdcd197b701734a743903c7547e9f56842701614
